
Microsoft Visual Studio Solution File, Format Version 12.00
# Visual Studio Version 16
VisualStudioVersion = 16.0.31025.194
MinimumVisualStudioVersion = 10.0.40219.1
Project("{FAE04EC0-301F-11D3-BF4B-00C04F79EFBC}") = "figuras examen", "figuras examen\figuras examen.csproj", "{4DC4B164-D106-4106-BA7C-2C0B53D66F25}"
EndProject
Global
	GlobalSection(SolutionConfigurationPlatforms) = preSolution
		Debug|Any CPU = Debug|Any CPU
		Release|Any CPU = Release|Any CPU
	EndGlobalSection
	GlobalSection(ProjectConfigurationPlatforms) = postSolution
		{4DC4B164-D106-4106-BA7C-2C0B53D66F25}.Debug|Any CPU.ActiveCfg = Debug|Any CPU
		{4DC4B164-D106-4106-BA7C-2C0B53D66F25}.Debug|Any CPU.Build.0 = Debug|Any CPU
		{4DC4B164-D106-4106-BA7C-2C0B53D66F25}.Release|Any CPU.ActiveCfg = Release|Any CPU
		{4DC4B164-D106-4106-BA7C-2C0B53D66F25}.Release|Any CPU.Build.0 = Release|Any CPU
	EndGlobalSection
	GlobalSection(SolutionProperties) = preSolution
		HideSolutionNode = FALSE
	EndGlobalSection
	GlobalSection(ExtensibilityGlobals) = postSolution
		SolutionGuid = {1317038C-7502-449C-8102-D7EBC19EB458}
	EndGlobalSection
EndGlobal
